{
  "requires": true,
  "lockfileVersion": 1,
  "dependencies": {
    "js-cookie": {
      "version": "3.0.1",
      "resolved": "https://registry.npmjs.org/js-cookie/-/js-cookie-3.0.1.tgz",
      "integrity": "sha512-+0rgsUXZu4ncpPxRL+lNEptWMOWl9etvPHc/koSRp6MPwpRYAhmk0dUG00J4bxVV3r9uUzfo24wW0knS07SKSw=="
    },
    "klona": {
      "version": "2.0.5",
      "resolved": "https://registry.npmjs.org/klona/-/klona-2.0.5.tgz",
      "integrity": "sha512-pJiBpiXMbt7dkzXe8Ghj/u4FfXOOa98fPW+bihOJ4SjnoijweJrNThJfd3ifXpXhREjpoF2mZVH1GfS9LV3kHQ=="
    },
    "vue-router": {
      "version": "3.2.0",
      "resolved": "https://registry.npmjs.org/vue-router/-/vue-router-3.2.0.tgz",
      "integrity": "sha512-khkrcUIzMcI1rDcNtqkvLwfRFzB97GmJEsPAQdj7t/VvpGhmXLOkUfhc+Ah8CvpSXGXwuWuQO+x8Sy/xDhXZIA=="
    }
  }
}
